
Microsoft Visual Studio Solution File, Format Version 12.00
# Visual Studio 15
VisualStudioVersion = 15.0.27130.2003
MinimumVisualStudioVersion = 10.0.40219.1
Project("{FAE04EC0-301F-11D3-BF4B-00C04F79EFBC}") = "ForeignExchange1.Android", "ForeignExchange1\ForeignExchange1.Android\ForeignExchange1.Android.csproj", "{26D24112-E5A0-467D-B55B-47A1AAC6FDDE}"
EndProject
Project("{FAE04EC0-301F-11D3-BF4B-00C04F79EFBC}") = "ForeignExchange1.iOS", "ForeignExchange1\ForeignExchange1.iOS\ForeignExchange1.iOS.csproj", "{B0FF48B2-2634-4A02-A419-12908992F331}"
EndProject
Project("{FAE04EC0-301F-11D3-BF4B-00C04F79EFBC}") = "ForeignExchange1.UWP", "ForeignExchange1\ForeignExchange1.UWP\ForeignExchange1.UWP.csproj", "{B3731CA1-8D2F-4577-8413-D5DF151094A6}"
EndProject
Project("{FAE04EC0-301F-11D3-BF4B-00C04F79EFBC}") = "ForeignExchange1", "ForeignExchange1\ForeignExchange1\ForeignExchange1.csproj", "{FB35456D-7661-4C4A-B405-1D460BC175C2}"
EndProject
Global
	GlobalSection(SolutionConfigurationPlatforms) = preSolution
		Ad-Hoc|Any CPU = Ad-Hoc|Any CPU
		Ad-Hoc|ARM = Ad-Hoc|ARM
		Ad-Hoc|iPhone = Ad-Hoc|iPhone
		Ad-Hoc|iPhoneSimulator = Ad-Hoc|iPhoneSimulator
		Ad-Hoc|x64 = Ad-Hoc|x64
		Ad-Hoc|x86 = Ad-Hoc|x86
		AppStore|Any CPU = AppStore|Any CPU
		AppStore|ARM = AppStore|ARM
		AppStore|iPhone = AppStore|iPhone
		AppStore|iPhoneSimulator = AppStore|iPhoneSimulator
		AppStore|x64 = AppStore|x64
		AppStore|x86 = AppStore|x86
		Debug|Any CPU = Debug|Any CPU
		Debug|ARM = Debug|ARM
		Debug|iPhone = Debug|iPhone
		Debug|iPhoneSimulator = Debug|iPhoneSimulator
		Debug|x64 = Debug|x64
		Debug|x86 = Debug|x86
		Release|Any CPU = Release|Any CPU
		Release|ARM = Release|ARM
		Release|iPhone = Release|iPhone
		Release|iPhoneSimulator = Release|iPhoneSimulator
		Release|x64 = Release|x64
		Release|x86 = Release|x86
	EndGlobalSection
	GlobalSection(ProjectConfigurationPlatforms) = postSolution
		{26D24112-E5A0-467D-B55B-47A1AAC6FDDE}.Ad-Hoc|Any CPU.ActiveCfg = Release|Any CPU
		{26D24112-E5A0-467D-B55B-47A1AAC6FDDE}.Ad-Hoc|Any CPU.Build.0 = Release|Any CPU
		{26D24112-E5A0-467D-B55B-47A1AAC6FDDE}.Ad-Hoc|Any CPU.Deploy.0 = Release|Any CPU
		{26D24112-E5A0-467D-B55B-47A1AAC6FDDE}.Ad-Hoc|ARM.ActiveCfg = Release|Any CPU
		{26D24112-E5A0-467D-B55B-47A1AAC6FDDE}.Ad-Hoc|ARM.Build.0 = Release|Any CPU
		{26D24112-E5A0-467D-B55B-47A1AAC6FDDE}.Ad-Hoc|ARM.Deploy.0 = Release|Any CPU
		{26D24112-E5A0-467D-B55B-47A1AAC6FDDE}.Ad-Hoc|iPhone.ActiveCfg = Release|Any CPU
		{26D24112-E5A0-467D-B55B-47A1AAC6FDDE}.Ad-Hoc|iPhone.Build.0 = Release|Any CPU
		{26D24112-E5A0-467D-B55B-47A1AAC6FDDE}.Ad-Hoc|iPhone.Deploy.0 = Release|Any CPU
		{26D24112-E5A0-467D-B55B-47A1AAC6FDDE}.Ad-Hoc|iPhoneSimulator.ActiveCfg = Release|Any CPU
		{26D24112-E5A0-467D-B55B-47A1AAC6FDDE}.Ad-Hoc|iPhoneSimulator.Build.0 = Release|Any CPU
		{26D24112-E5A0-467D-B55B-47A1AAC6FDDE}.Ad-Hoc|iPhoneSimulator.Deploy.0 = Release|Any CPU
		{26D24112-E5A0-467D-B55B-47A1AAC6FDDE}.Ad-Hoc|x64.ActiveCfg = Release|Any CPU
		{26D24112-E5A0-467D-B55B-47A1AAC6FDDE}.Ad-Hoc|x64.Build.0 = Release|Any CPU
		{26D24112-E5A0-467D-B55B-47A1AAC6FDDE}.Ad-Hoc|x64.Deploy.0 = Release|Any CPU
		{26D24112-E5A0-467D-B55B-47A1AAC6FDDE}.Ad-Hoc|x86.ActiveCfg = Release|Any CPU
		{26D24112-E5A0-467D-B55B-47A1AAC6FDDE}.Ad-Hoc|x86.Build.0 = Release|Any CPU
		{26D24112-E5A0-467D-B55B-47A1AAC6FDDE}.Ad-Hoc|x86.Deploy.0 = Release|Any CPU
		{26D24112-E5A0-467D-B55B-47A1AAC6FDDE}.AppStore|Any CPU.ActiveCfg = Release|Any CPU
		{26D24112-E5A0-467D-B55B-47A1AAC6FDDE}.AppStore|Any CPU.Build.0 = Release|Any CPU
		{26D24112-E5A0-467D-B55B-47A1AAC6FDDE}.AppStore|Any CPU.Deploy.0 = Release|Any CPU
		{26D24112-E5A0-467D-B55B-47A1AAC6FDDE}.AppStore|ARM.ActiveCfg = Release|Any CPU
		{26D24112-E5A0-467D-B55B-47A1AAC6FDDE}.AppStore|ARM.Build.0 = Release|Any CPU
		{26D24112-E5A0-467D-B55B-47A1AAC6FDDE}.AppStore|ARM.Deploy.0 = Release|Any CPU
		{26D24112-E5A0-467D-B55B-47A1AAC6FDDE}.AppStore|iPhone.ActiveCfg = Release|Any CPU
		{26D24112-E5A0-467D-B55B-47A1AAC6FDDE}.AppStore|iPhone.Build.0 = Release|Any CPU
		{26D24112-E5A0-467D-B55B-47A1AAC6FDDE}.AppStore|iPhone.Deploy.0 = Release|Any CPU
		{26D24112-E5A0-467D-B55B-47A1AAC6FDDE}.AppStore|iPhoneSimulator.ActiveCfg = Release|Any CPU
		{26D24112-E5A0-467D-B55B-47A1AAC6FDDE}.AppStore|iPhoneSimulator.Build.0 = Release|Any CPU
		{26D24112-E5A0-467D-B55B-47A1AAC6FDDE}.AppStore|iPhoneSimulator.Deploy.0 = Release|Any CPU
		{26D24112-E5A0-467D-B55B-47A1AAC6FDDE}.AppStore|x64.ActiveCfg = Release|Any CPU
		{26D24112-E5A0-467D-B55B-47A1AAC6FDDE}.AppStore|x64.Build.0 = Release|Any CPU
		{26D24112-E5A0-467D-B55B-47A1AAC6FDDE}.AppStore|x64.Deploy.0 = Release|Any CPU
		{26D24112-E5A0-467D-B55B-47A1AAC6FDDE}.AppStore|x86.ActiveCfg = Release|Any CPU
		{26D24112-E5A0-467D-B55B-47A1AAC6FDDE}.AppStore|x86.Build.0 = Release|Any CPU
		{26D24112-E5A0-467D-B55B-47A1AAC6FDDE}.AppStore|x86.Deploy.0 = Release|Any CPU
		{26D24112-E5A0-467D-B55B-47A1AAC6FDDE}.Debug|Any CPU.ActiveCfg = Debug|Any CPU
		{26D24112-E5A0-467D-B55B-47A1AAC6FDDE}.Debug|Any CPU.Build.0 = Debug|Any CPU
		{26D24112-E5A0-467D-B55B-47A1AAC6FDDE}.Debug|Any CPU.Deploy.0 = Debug|Any CPU
		{26D24112-E5A0-467D-B55B-47A1AAC6FDDE}.Debug|ARM.ActiveCfg = Debug|Any CPU
		{26D24112-E5A0-467D-B55B-47A1AAC6FDDE}.Debug|ARM.Build.0 = Debug|Any CPU
		{26D24112-E5A0-467D-B55B-47A1AAC6FDDE}.Debug|ARM.Deploy.0 = Debug|Any CPU
		{26D24112-E5A0-467D-B55B-47A1AAC6FDDE}.Debug|iPhone.ActiveCfg = Debug|Any CPU
		{26D24112-E5A0-467D-B55B-47A1AAC6FDDE}.Debug|iPhone.Build.0 = Debug|Any CPU
		{26D24112-E5A0-467D-B55B-47A1AAC6FDDE}.Debug|iPhone.Deploy.0 = Debug|Any CPU
		{26D24112-E5A0-467D-B55B-47A1AAC6FDDE}.Debug|iPhoneSimulator.ActiveCfg = Debug|Any CPU
		{26D24112-E5A0-467D-B55B-47A1AAC6FDDE}.Debug|iPhoneSimulator.Build.0 = Debug|Any CPU
		{26D24112-E5A0-467D-B55B-47A1AAC6FDDE}.Debug|iPhoneSimulator.Deploy.0 = Debug|Any CPU
		{26D24112-E5A0-467D-B55B-47A1AAC6FDDE}.Debug|x64.ActiveCfg = Debug|Any CPU
		{26D24112-E5A0-467D-B55B-47A1AAC6FDDE}.Debug|x64.Build.0 = Debug|Any CPU
		{26D24112-E5A0-467D-B55B-47A1AAC6FDDE}.Debug|x64.Deploy.0 = Debug|Any CPU
		{26D24112-E5A0-467D-B55B-47A1AAC6FDDE}.Debug|x86.ActiveCfg = Debug|Any CPU
		{26D24112-E5A0-467D-B55B-47A1AAC6FDDE}.Debug|x86.Build.0 = Debug|Any CPU
		{26D24112-E5A0-467D-B55B-47A1AAC6FDDE}.Debug|x86.Deploy.0 = Debug|Any CPU
		{26D24112-E5A0-467D-B55B-47A1AAC6FDDE}.Release|Any CPU.ActiveCfg = Release|Any CPU
		{26D24112-E5A0-467D-B55B-47A1AAC6FDDE}.Release|Any CPU.Build.0 = Release|Any CPU
		{26D24112-E5A0-467D-B55B-47A1AAC6FDDE}.Release|Any CPU.Deploy.0 = Release|Any CPU
		{26D24112-E5A0-467D-B55B-47A1AAC6FDDE}.Release|ARM.ActiveCfg = Release|Any CPU
		{26D24112-E5A0-467D-B55B-47A1AAC6FDDE}.Release|ARM.Build.0 = Release|Any CPU
		{26D24112-E5A0-467D-B55B-47A1AAC6FDDE}.Release|ARM.Deploy.0 = Release|Any CPU
		{26D24112-E5A0-467D-B55B-47A1AAC6FDDE}.Release|iPhone.ActiveCfg = Release|Any CPU
		{26D24112-E5A0-467D-B55B-47A1AAC6FDDE}.Release|iPhone.Build.0 = Release|Any CPU
		{26D24112-E5A0-467D-B55B-47A1AAC6FDDE}.Release|iPhone.Deploy.0 = Release|Any CPU
		{26D24112-E5A0-467D-B55B-47A1AAC6FDDE}.Release|iPhoneSimulator.ActiveCfg = Release|Any CPU
		{26D24112-E5A0-467D-B55B-47A1AAC6FDDE}.Release|iPhoneSimulator.Build.0 = Release|Any CPU
		{26D24112-E5A0-467D-B55B-47A1AAC6FDDE}.Release|iPhoneSimulator.Deploy.0 = Release|Any CPU
		{26D24112-E5A0-467D-B55B-47A1AAC6FDDE}.Release|x64.ActiveCfg = Release|Any CPU
		{26D24112-E5A0-467D-B55B-47A1AAC6FDDE}.Release|x64.Build.0 = Release|Any CPU
		{26D24112-E5A0-467D-B55B-47A1AAC6FDDE}.Release|x64.Deploy.0 = Release|Any CPU
		{26D24112-E5A0-467D-B55B-47A1AAC6FDDE}.Release|x86.ActiveCfg = Release|Any CPU
		{26D24112-E5A0-467D-B55B-47A1AAC6FDDE}.Release|x86.Build.0 = Release|Any CPU
		{26D24112-E5A0-467D-B55B-47A1AAC6FDDE}.Release|x86.Deploy.0 = Release|Any CPU
		{B0FF48B2-2634-4A02-A419-12908992F331}.Ad-Hoc|Any CPU.ActiveCfg = Ad-Hoc|iPhone
		{B0FF48B2-2634-4A02-A419-12908992F331}.Ad-Hoc|ARM.ActiveCfg = Ad-Hoc|iPhone
		{B0FF48B2-2634-4A02-A419-12908992F331}.Ad-Hoc|iPhone.ActiveCfg = Ad-Hoc|iPhone
		{B0FF48B2-2634-4A02-A419-12908992F331}.Ad-Hoc|iPhone.Build.0 = Ad-Hoc|iPhone
		{B0FF48B2-2634-4A02-A419-12908992F331}.Ad-Hoc|iPhoneSimulator.ActiveCfg = Ad-Hoc|iPhoneSimulator
		{B0FF48B2-2634-4A02-A419-12908992F331}.Ad-Hoc|iPhoneSimulator.Build.0 = Ad-Hoc|iPhoneSimulator
		{B0FF48B2-2634-4A02-A419-12908992F331}.Ad-Hoc|x64.ActiveCfg = Ad-Hoc|iPhone
		{B0FF48B2-2634-4A02-A419-12908992F331}.Ad-Hoc|x86.ActiveCfg = Ad-Hoc|iPhone
		{B0FF48B2-2634-4A02-A419-12908992F331}.AppStore|Any CPU.ActiveCfg = AppStore|iPhone
		{B0FF48B2-2634-4A02-A419-12908992F331}.AppStore|ARM.ActiveCfg = AppStore|iPhone
		{B0FF48B2-2634-4A02-A419-12908992F331}.AppStore|iPhone.ActiveCfg = AppStore|iPhone
		{B0FF48B2-2634-4A02-A419-12908992F331}.AppStore|iPhone.Build.0 = AppStore|iPhone
		{B0FF48B2-2634-4A02-A419-12908992F331}.AppStore|iPhoneSimulator.ActiveCfg = AppStore|iPhoneSimulator
		{B0FF48B2-2634-4A02-A419-12908992F331}.AppStore|iPhoneSimulator.Build.0 = AppStore|iPhoneSimulator
		{B0FF48B2-2634-4A02-A419-12908992F331}.AppStore|x64.ActiveCfg = AppStore|iPhone
		{B0FF48B2-2634-4A02-A419-12908992F331}.AppStore|x86.ActiveCfg = AppStore|iPhone
		{B0FF48B2-2634-4A02-A419-12908992F331}.Debug|Any CPU.ActiveCfg = Debug|iPhone
		{B0FF48B2-2634-4A02-A419-12908992F331}.Debug|ARM.ActiveCfg = Debug|iPhone
		{B0FF48B2-2634-4A02-A419-12908992F331}.Debug|iPhone.ActiveCfg = Debug|iPhone
		{B0FF48B2-2634-4A02-A419-12908992F331}.Debug|iPhone.Build.0 = Debug|iPhone
		{B0FF48B2-2634-4A02-A419-12908992F331}.Debug|iPhoneSimulator.ActiveCfg = Debug|iPhoneSimulator
		{B0FF48B2-2634-4A02-A419-12908992F331}.Debug|iPhoneSimulator.Build.0 = Debug|iPhoneSimulator
		{B0FF48B2-2634-4A02-A419-12908992F331}.Debug|x64.ActiveCfg = Debug|iPhone
		{B0FF48B2-2634-4A02-A419-12908992F331}.Debug|x86.ActiveCfg = Debug|iPhone
		{B0FF48B2-2634-4A02-A419-12908992F331}.Release|Any CPU.ActiveCfg = Release|iPhone
		{B0FF48B2-2634-4A02-A419-12908992F331}.Release|ARM.ActiveCfg = Release|iPhone
		{B0FF48B2-2634-4A02-A419-12908992F331}.Release|iPhone.ActiveCfg = Release|iPhone
		{B0FF48B2-2634-4A02-A419-12908992F331}.Release|iPhone.Build.0 = Release|iPhone
		{B0FF48B2-2634-4A02-A419-12908992F331}.Release|iPhoneSimulator.ActiveCfg = Release|iPhoneSimulator
		{B0FF48B2-2634-4A02-A419-12908992F331}.Release|iPhoneSimulator.Build.0 = Release|iPhoneSimulator
		{B0FF48B2-2634-4A02-A419-12908992F331}.Release|x64.ActiveCfg = Release|iPhone
		{B0FF48B2-2634-4A02-A419-12908992F331}.Release|x86.ActiveCfg = Release|iPhone
		{B3731CA1-8D2F-4577-8413-D5DF151094A6}.Ad-Hoc|Any CPU.ActiveCfg = Release|x86
		{B3731CA1-8D2F-4577-8413-D5DF151094A6}.Ad-Hoc|Any CPU.Build.0 = Release|x86
		{B3731CA1-8D2F-4577-8413-D5DF151094A6}.Ad-Hoc|Any CPU.Deploy.0 = Release|x86
		{B3731CA1-8D2F-4577-8413-D5DF151094A6}.Ad-Hoc|ARM.ActiveCfg = Release|ARM
		{B3731CA1-8D2F-4577-8413-D5DF151094A6}.Ad-Hoc|ARM.Build.0 = Release|ARM
		{B3731CA1-8D2F-4577-8413-D5DF151094A6}.Ad-Hoc|ARM.Deploy.0 = Release|ARM
		{B3731CA1-8D2F-4577-8413-D5DF151094A6}.Ad-Hoc|iPhone.ActiveCfg = Release|x86
		{B3731CA1-8D2F-4577-8413-D5DF151094A6}.Ad-Hoc|iPhone.Build.0 = Release|x86
		{B3731CA1-8D2F-4577-8413-D5DF151094A6}.Ad-Hoc|iPhone.Deploy.0 = Release|x86
		{B3731CA1-8D2F-4577-8413-D5DF151094A6}.Ad-Hoc|iPhoneSimulator.ActiveCfg = Release|x86
		{B3731CA1-8D2F-4577-8413-D5DF151094A6}.Ad-Hoc|iPhoneSimulator.Build.0 = Release|x86
		{B3731CA1-8D2F-4577-8413-D5DF151094A6}.Ad-Hoc|iPhoneSimulator.Deploy.0 = Release|x86
		{B3731CA1-8D2F-4577-8413-D5DF151094A6}.Ad-Hoc|x64.ActiveCfg = Release|x64
		{B3731CA1-8D2F-4577-8413-D5DF151094A6}.Ad-Hoc|x64.Build.0 = Release|x64
		{B3731CA1-8D2F-4577-8413-D5DF151094A6}.Ad-Hoc|x64.Deploy.0 = Release|x64
		{B3731CA1-8D2F-4577-8413-D5DF151094A6}.Ad-Hoc|x86.ActiveCfg = Release|x86
		{B3731CA1-8D2F-4577-8413-D5DF151094A6}.Ad-Hoc|x86.Build.0 = Release|x86
		{B3731CA1-8D2F-4577-8413-D5DF151094A6}.Ad-Hoc|x86.Deploy.0 = Release|x86
		{B3731CA1-8D2F-4577-8413-D5DF151094A6}.AppStore|Any CPU.ActiveCfg = Release|x86
		{B3731CA1-8D2F-4577-8413-D5DF151094A6}.AppStore|Any CPU.Build.0 = Release|x86
		{B3731CA1-8D2F-4577-8413-D5DF151094A6}.AppStore|Any CPU.Deploy.0 = Release|x86
		{B3731CA1-8D2F-4577-8413-D5DF151094A6}.AppStore|ARM.ActiveCfg = Release|ARM
		{B3731CA1-8D2F-4577-8413-D5DF151094A6}.AppStore|ARM.Build.0 = Release|ARM
		{B3731CA1-8D2F-4577-8413-D5DF151094A6}.AppStore|ARM.Deploy.0 = Release|ARM
		{B3731CA1-8D2F-4577-8413-D5DF151094A6}.AppStore|iPhone.ActiveCfg = Release|x86
		{B3731CA1-8D2F-4577-8413-D5DF151094A6}.AppStore|iPhone.Build.0 = Release|x86
		{B3731CA1-8D2F-4577-8413-D5DF151094A6}.AppStore|iPhone.Deploy.0 = Release|x86
		{B3731CA1-8D2F-4577-8413-D5DF151094A6}.AppStore|iPhoneSimulator.ActiveCfg = Release|x86
		{B3731CA1-8D2F-4577-8413-D5DF151094A6}.AppStore|iPhoneSimulator.Build.0 = Release|x86
		{B3731CA1-8D2F-4577-8413-D5DF151094A6}.AppStore|iPhoneSimulator.Deploy.0 = Release|x86
		{B3731CA1-8D2F-4577-8413-D5DF151094A6}.AppStore|x64.ActiveCfg = Release|x64
		{B3731CA1-8D2F-4577-8413-D5DF151094A6}.AppStore|x64.Build.0 = Release|x64
		{B3731CA1-8D2F-4577-8413-D5DF151094A6}.AppStore|x64.Deploy.0 = Release|x64
		{B3731CA1-8D2F-4577-8413-D5DF151094A6}.AppStore|x86.ActiveCfg = Release|x86
		{B3731CA1-8D2F-4577-8413-D5DF151094A6}.AppStore|x86.Build.0 = Release|x86
		{B3731CA1-8D2F-4577-8413-D5DF151094A6}.AppStore|x86.Deploy.0 = Release|x86
		{B3731CA1-8D2F-4577-8413-D5DF151094A6}.Debug|Any CPU.ActiveCfg = Debug|x86
		{B3731CA1-8D2F-4577-8413-D5DF151094A6}.Debug|ARM.ActiveCfg = Debug|ARM
		{B3731CA1-8D2F-4577-8413-D5DF151094A6}.Debug|ARM.Build.0 = Debug|ARM
		{B3731CA1-8D2F-4577-8413-D5DF151094A6}.Debug|ARM.Deploy.0 = Debug|ARM
		{B3731CA1-8D2F-4577-8413-D5DF151094A6}.Debug|iPhone.ActiveCfg = Debug|x86
		{B3731CA1-8D2F-4577-8413-D5DF151094A6}.Debug|iPhoneSimulator.ActiveCfg = Debug|x86
		{B3731CA1-8D2F-4577-8413-D5DF151094A6}.Debug|x64.ActiveCfg = Debug|x64
		{B3731CA1-8D2F-4577-8413-D5DF151094A6}.Debug|x64.Build.0 = Debug|x64
		{B3731CA1-8D2F-4577-8413-D5DF151094A6}.Debug|x64.Deploy.0 = Debug|x64
		{B3731CA1-8D2F-4577-8413-D5DF151094A6}.Debug|x86.ActiveCfg = Debug|x86
		{B3731CA1-8D2F-4577-8413-D5DF151094A6}.Debug|x86.Build.0 = Debug|x86
		{B3731CA1-8D2F-4577-8413-D5DF151094A6}.Debug|x86.Deploy.0 = Debug|x86
		{B3731CA1-8D2F-4577-8413-D5DF151094A6}.Release|Any CPU.ActiveCfg = Release|x86
		{B3731CA1-8D2F-4577-8413-D5DF151094A6}.Release|ARM.ActiveCfg = Release|ARM
		{B3731CA1-8D2F-4577-8413-D5DF151094A6}.Release|ARM.Build.0 = Release|ARM
		{B3731CA1-8D2F-4577-8413-D5DF151094A6}.Release|ARM.Deploy.0 = Release|ARM
		{B3731CA1-8D2F-4577-8413-D5DF151094A6}.Release|iPhone.ActiveCfg = Release|x86
		{B3731CA1-8D2F-4577-8413-D5DF151094A6}.Release|iPhoneSimulator.ActiveCfg = Release|x86
		{B3731CA1-8D2F-4577-8413-D5DF151094A6}.Release|x64.ActiveCfg = Release|x64
		{B3731CA1-8D2F-4577-8413-D5DF151094A6}.Release|x64.Build.0 = Release|x64
		{B3731CA1-8D2F-4577-8413-D5DF151094A6}.Release|x64.Deploy.0 = Release|x64
		{B3731CA1-8D2F-4577-8413-D5DF151094A6}.Release|x86.ActiveCfg = Release|x86
		{B3731CA1-8D2F-4577-8413-D5DF151094A6}.Release|x86.Build.0 = Release|x86
		{B3731CA1-8D2F-4577-8413-D5DF151094A6}.Release|x86.Deploy.0 = Release|x86
		{FB35456D-7661-4C4A-B405-1D460BC175C2}.Ad-Hoc|Any CPU.ActiveCfg = Debug|Any CPU
		{FB35456D-7661-4C4A-B405-1D460BC175C2}.Ad-Hoc|Any CPU.Build.0 = Debug|Any CPU
		{FB35456D-7661-4C4A-B405-1D460BC175C2}.Ad-Hoc|ARM.ActiveCfg = Debug|Any CPU
		{FB35456D-7661-4C4A-B405-1D460BC175C2}.Ad-Hoc|ARM.Build.0 = Debug|Any CPU
		{FB35456D-7661-4C4A-B405-1D460BC175C2}.Ad-Hoc|iPhone.ActiveCfg = Debug|Any CPU
		{FB35456D-7661-4C4A-B405-1D460BC175C2}.Ad-Hoc|iPhone.Build.0 = Debug|Any CPU
		{FB35456D-7661-4C4A-B405-1D460BC175C2}.Ad-Hoc|iPhoneSimulator.ActiveCfg = Debug|Any CPU
		{FB35456D-7661-4C4A-B405-1D460BC175C2}.Ad-Hoc|iPhoneSimulator.Build.0 = Debug|Any CPU
		{FB35456D-7661-4C4A-B405-1D460BC175C2}.Ad-Hoc|x64.ActiveCfg = Debug|Any CPU
		{FB35456D-7661-4C4A-B405-1D460BC175C2}.Ad-Hoc|x64.Build.0 = Debug|Any CPU
		{FB35456D-7661-4C4A-B405-1D460BC175C2}.Ad-Hoc|x86.ActiveCfg = Debug|Any CPU
		{FB35456D-7661-4C4A-B405-1D460BC175C2}.Ad-Hoc|x86.Build.0 = Debug|Any CPU
		{FB35456D-7661-4C4A-B405-1D460BC175C2}.AppStore|Any CPU.ActiveCfg = Debug|Any CPU
		{FB35456D-7661-4C4A-B405-1D460BC175C2}.AppStore|Any CPU.Build.0 = Debug|Any CPU
		{FB35456D-7661-4C4A-B405-1D460BC175C2}.AppStore|ARM.ActiveCfg = Debug|Any CPU
		{FB35456D-7661-4C4A-B405-1D460BC175C2}.AppStore|ARM.Build.0 = Debug|Any CPU
		{FB35456D-7661-4C4A-B405-1D460BC175C2}.AppStore|iPhone.ActiveCfg = Debug|Any CPU
		{FB35456D-7661-4C4A-B405-1D460BC175C2}.AppStore|iPhone.Build.0 = Debug|Any CPU
		{FB35456D-7661-4C4A-B405-1D460BC175C2}.AppStore|iPhoneSimulator.ActiveCfg = Debug|Any CPU
		{FB35456D-7661-4C4A-B405-1D460BC175C2}.AppStore|iPhoneSimulator.Build.0 = Debug|Any CPU
		{FB35456D-7661-4C4A-B405-1D460BC175C2}.AppStore|x64.ActiveCfg = Debug|Any CPU
		{FB35456D-7661-4C4A-B405-1D460BC175C2}.AppStore|x64.Build.0 = Debug|Any CPU
		{FB35456D-7661-4C4A-B405-1D460BC175C2}.AppStore|x86.ActiveCfg = Debug|Any CPU
		{FB35456D-7661-4C4A-B405-1D460BC175C2}.AppStore|x86.Build.0 = Debug|Any CPU
		{FB35456D-7661-4C4A-B405-1D460BC175C2}.Debug|Any CPU.ActiveCfg = Debug|Any CPU
		{FB35456D-7661-4C4A-B405-1D460BC175C2}.Debug|Any CPU.Build.0 = Debug|Any CPU
		{FB35456D-7661-4C4A-B405-1D460BC175C2}.Debug|ARM.ActiveCfg = Debug|Any CPU
		{FB35456D-7661-4C4A-B405-1D460BC175C2}.Debug|ARM.Build.0 = Debug|Any CPU
		{FB35456D-7661-4C4A-B405-1D460BC175C2}.Debug|iPhone.ActiveCfg = Debug|Any CPU
		{FB35456D-7661-4C4A-B405-1D460BC175C2}.Debug|iPhone.Build.0 = Debug|Any CPU
		{FB35456D-7661-4C4A-B405-1D460BC175C2}.Debug|iPhoneSimulator.ActiveCfg = Debug|Any CPU
		{FB35456D-7661-4C4A-B405-1D460BC175C2}.Debug|iPhoneSimulator.Build.0 = Debug|Any CPU
		{FB35456D-7661-4C4A-B405-1D460BC175C2}.Debug|x64.ActiveCfg = Debug|Any CPU
		{FB35456D-7661-4C4A-B405-1D460BC175C2}.Debug|x64.Build.0 = Debug|Any CPU
		{FB35456D-7661-4C4A-B405-1D460BC175C2}.Debug|x86.ActiveCfg = Debug|Any CPU
		{FB35456D-7661-4C4A-B405-1D460BC175C2}.Debug|x86.Build.0 = Debug|Any CPU
		{FB35456D-7661-4C4A-B405-1D460BC175C2}.Release|Any CPU.ActiveCfg = Release|Any CPU
		{FB35456D-7661-4C4A-B405-1D460BC175C2}.Release|Any CPU.Build.0 = Release|Any CPU
		{FB35456D-7661-4C4A-B405-1D460BC175C2}.Release|ARM.ActiveCfg = Release|Any CPU
		{FB35456D-7661-4C4A-B405-1D460BC175C2}.Release|ARM.Build.0 = Release|Any CPU
		{FB35456D-7661-4C4A-B405-1D460BC175C2}.Release|iPhone.ActiveCfg = Release|Any CPU
		{FB35456D-7661-4C4A-B405-1D460BC175C2}.Release|iPhone.Build.0 = Release|Any CPU
		{FB35456D-7661-4C4A-B405-1D460BC175C2}.Release|iPhoneSimulator.ActiveCfg = Release|Any CPU
		{FB35456D-7661-4C4A-B405-1D460BC175C2}.Release|iPhoneSimulator.Build.0 = Release|Any CPU
		{FB35456D-7661-4C4A-B405-1D460BC175C2}.Release|x64.ActiveCfg = Release|Any CPU
		{FB35456D-7661-4C4A-B405-1D460BC175C2}.Release|x64.Build.0 = Release|Any CPU
		{FB35456D-7661-4C4A-B405-1D460BC175C2}.Release|x86.ActiveCfg = Release|Any CPU
		{FB35456D-7661-4C4A-B405-1D460BC175C2}.Release|x86.Build.0 = Release|Any CPU
	EndGlobalSection
	GlobalSection(SolutionProperties) = preSolution
		HideSolutionNode = FALSE
	EndGlobalSection
	GlobalSection(ExtensibilityGlobals) = postSolution
		SolutionGuid = {991B0EC9-5A93-49EB-AEBF-A5A64C3A883F}
	EndGlobalSection
EndGlobal
